Microsoft Visual Studio Solution File, Format Version 12.00
# Visual Studio Version 17
VisualStudioVersion = 17.0.31903.59
MinimumVisualStudioVersion = 10.0.40219.1
Project("{2150E333-8FDC-42A3-9474-1A3956D46DE8}") = "src", "src", "{827E0CD3-B72D-47B6-A68D-7590B98EB39B}"
EndProject
Project("{FAE04EC0-301F-11D3-BF4B-00C04F79EFBC}") = "KubeJob.Core", "src\KubeJob.Core\KubeJob.Core.csproj", "{7E5A266D-267D-4B07-AEF4-6587D71A3A6C}"
EndProject
Project("{FAE04EC0-301F-11D3-BF4B-00C04F79EFBC}") = "KubeJob.Client", "src\KubeJob.Client\KubeJob.Client.csproj", "{B91C38D9-5FD5-4B29-AE4D-21B22B76A6E0}"
EndProject
Project("{FAE04EC0-301F-11D3-BF4B-00C04F79EFBC}") = "KubeJob.Server", "src\KubeJob.Server\KubeJob.Server.csproj", "{04B25851-8698-4D85-998B-198DE33D8B5F}"
EndProject
Project("{FAE04EC0-301F-11D3-BF4B-00C04F79EFBC}") = "KubeJob.Worker", "src\KubeJob.Worker\KubeJob.Worker.csproj", "{F9620B65-9469-461E-86C0-B8BE1FBE74A7}"
EndProject
Project("{2150E333-8FDC-42A3-9474-1A3956D46DE8}") = "samples", "samples", "{5D20AA90-6969-D8BD-9DCD-8634F4692FDA}"
EndProject
Project("{FAE04EC0-301F-11D3-BF4B-00C04F79EFBC}") = "KubeJob.Sample.RemoteWorker", "samples\KubeJob.Sample.RemoteWorker\KubeJob.Sample.RemoteWorker.csproj", "{DE8E8769-C356-4558-A9B5-0C5394337B76}"
EndProject
Project("{FAE04EC0-301F-11D3-BF4B-00C04F79EFBC}") = "KubeJob.Sample.Unified", "samples\KubeJob.Sample.Unified\KubeJob.Sample.Unified.csproj", "{E7A8B0B8-5101-4431-BAF7-BC26EF86D905}"
EndProject
Project("{FAE04EC0-301F-11D3-BF4B-00C04F79EFBC}") = "KubeJob.Storage.PostgreSQL", "src\KubeJob.Storage.PostgreSQL\KubeJob.Storage.PostgreSQL.csproj", "{A70DED0D-5B47-4C69-A059-282D03876134}"
EndProject
Project("{FAE04EC0-301F-11D3-BF4B-00C04F79EFBC}") = "KubeJob", "src\KubeJob\KubeJob.csproj", "{1581AE25-6311-44CD-B8E7-197F8ED5F795}"
EndProject
Project("{2150E333-8FDC-42A3-9474-1A3956D46DE8}") = "tests", "tests", "{0AB3BF05-4346-4AA6-1389-037BE0695223}"
EndProject
Project("{FAE04EC0-301F-11D3-BF4B-00C04F79EFBC}") = "KubeJob.Tests", "tests\KubeJob.Tests\KubeJob.Tests.csproj", "{29835AD7-9F9C-4303-8CF1-7684E3965F69}"
EndProject
Global
	GlobalSection(SolutionConfigurationPlatforms) = preSolution
		Debug|Any CPU = Debug|Any CPU
		Debug|x64 = Debug|x64
		Debug|x86 = Debug|x86
		Release|Any CPU = Release|Any CPU
		Release|x64 = Release|x64
		Release|x86 = Release|Any CPU
	EndGlobalSection
	GlobalSection(ProjectConfigurationPlatforms) = postSolution
		{7E5A266D-267D-4B07-AEF4-6587D71A3A6C}.Debug|Any CPU.ActiveCfg = Debug|Any CPU
		{7E5A266D-267D-4B07-AEF4-6587D71A3A6C}.Debug|Any CPU.Build.0 = Debug|Any CPU
		{7E5A266D-267D-4B07-AEF4-6587D71A3A6C}.Debug|x64.ActiveCfg = Debug|Any CPU
		{7E5A266D-267D-4B07-AEF4-6587D71A3A6C}.Debug|x64.Build.0 = Debug|Any CPU
		{7E5A266D-267D-4B07-AEF4-6587D71A3A6C}.Debug|x86.ActiveCfg = Debug|Any CPU
		{7E5A266D-267D-4B07-AEF4-6587D71A3A6C}.Debug|x86.Build.0 = Debug|Any CPU
		{7E5A266D-267D-4B07-AEF4-6587D71A3A6C}.Release|Any CPU.ActiveCfg = Release|Any CPU
		{7E5A266D-267D-4B07-AEF4-6587D71A3A6C}.Release|Any CPU.Build.0 = Release|Any CPU
		{7E5A266D-267D-4B07-AEF4-6587D71A3A6C}.Release|x64.ActiveCfg = Release|Any CPU
		{7E5A266D-267D-4B07-AEF4-6587D71A3A6C}.Release|x64.Build.0 = Release|Any CPU
		{7E5A266D-267D-4B07-AEF4-6587D71A3A6C}.Release|x86.ActiveCfg = Release|Any CPU
		{7E5A266D-267D-4B07-AEF4-6587D71A3A6C}.Release|x86.Build.0 = Release|Any CPU
		{B91C38D9-5FD5-4B29-AE4D-21B22B76A6E0}.Debug|Any CPU.ActiveCfg = Debug|Any CPU
		{B91C38D9-5FD5-4B29-AE4D-21B22B76A6E0}.Debug|Any CPU.Build.0 = Debug|Any CPU
		{B91C38D9-5FD5-4B29-AE4D-21B22B76A6E0}.Debug|x64.ActiveCfg = Debug|Any CPU
		{B91C38D9-5FD5-4B29-AE4D-21B22B76A6E0}.Debug|x64.Build.0 = Debug|Any CPU
		{B91C38D9-5FD5-4B29-AE4D-21B22B76A6E0}.Debug|x86.ActiveCfg = Debug|Any CPU
		{B91C38D9-5FD5-4B29-AE4D-21B22B76A6E0}.Debug|x86.Build.0 = Debug|Any CPU
		{B91C38D9-5FD5-4B29-AE4D-21B22B76A6E0}.Release|Any CPU.ActiveCfg = Release|Any CPU
		{B91C38D9-5FD5-4B29-AE4D-21B22B76A6E0}.Release|Any CPU.Build.0 = Release|Any CPU
		{B91C38D9-5FD5-4B29-AE4D-21B22B76A6E0}.Release|x64.ActiveCfg = Release|Any CPU
		{B91C38D9-5FD5-4B29-AE4D-21B22B76A6E0}.Release|x64.Build.0 = Release|Any CPU
		{B91C38D9-5FD5-4B29-AE4D-21B22B76A6E0}.Release|x86.ActiveCfg = Release|Any CPU
		{B91C38D9-5FD5-4B29-AE4D-21B22B76A6E0}.Release|x86.Build.0 = Release|Any CPU
		{04B25851-8698-4D85-998B-198DE33D8B5F}.Debug|Any CPU.ActiveCfg = Debug|Any CPU
		{04B25851-8698-4D85-998B-198DE33D8B5F}.Debug|Any CPU.Build.0 = Debug|Any CPU
		{04B25851-8698-4D85-998B-198DE33D8B5F}.Debug|x64.ActiveCfg = Debug|Any CPU
		{04B25851-8698-4D85-998B-198DE33D8B5F}.Debug|x64.Build.0 = Debug|Any CPU
		{04B25851-8698-4D85-998B-198DE33D8B5F}.Debug|x86.ActiveCfg = Debug|Any CPU
		{04B25851-8698-4D85-998B-198DE33D8B5F}.Debug|x86.Build.0 = Debug|Any CPU
		{04B25851-8698-4D85-998B-198DE33D8B5F}.Release|Any CPU.ActiveCfg = Release|Any CPU
		{04B25851-8698-4D85-998B-198DE33D8B5F}.Release|Any CPU.Build.0 = Release|Any CPU
		{04B25851-8698-4D85-998B-198DE33D8B5F}.Release|x64.ActiveCfg = Release|Any CPU
		{04B25851-8698-4D85-998B-198DE33D8B5F}.Release|x64.Build.0 = Release|Any CPU
		{04B25851-8698-4D85-998B-198DE33D8B5F}.Release|x86.ActiveCfg = Release|Any CPU
		{04B25851-8698-4D85-998B-198DE33D8B5F}.Release|x86.Build.0 = Release|Any CPU
		{F9620B65-9469-461E-86C0-B8BE1FBE74A7}.Debug|Any CPU.ActiveCfg = Debug|Any CPU
		{F9620B65-9469-461E-86C0-B8BE1FBE74A7}.Debug|Any CPU.Build.0 = Debug|Any CPU
		{F9620B65-9469-461E-86C0-B8BE1FBE74A7}.Debug|x64.ActiveCfg = Debug|Any CPU
		{F9620B65-9469-461E-86C0-B8BE1FBE74A7}.Debug|x64.Build.0 = Debug|Any CPU
		{F9620B65-9469-461E-86C0-B8BE1FBE74A7}.Debug|x86.ActiveCfg = Debug|Any CPU
		{F9620B65-9469-461E-86C0-B8BE1FBE74A7}.Debug|x86.Build.0 = Debug|Any CPU
		{F9620B65-9469-461E-86C0-B8BE1FBE74A7}.Release|Any CPU.ActiveCfg = Release|Any CPU
		{F9620B65-9469-461E-86C0-B8BE1FBE74A7}.Release|Any CPU.Build.0 = Release|Any CPU
		{F9620B65-9469-461E-86C0-B8BE1FBE74A7}.Release|x64.ActiveCfg = Release|Any CPU
		{F9620B65-9469-461E-86C0-B8BE1FBE74A7}.Release|x64.Build.0 = Release|Any CPU
		{F9620B65-9469-461E-86C0-B8BE1FBE74A7}.Release|x86.ActiveCfg = Release|Any CPU
		{F9620B65-9469-461E-86C0-B8BE1FBE74A7}.Release|x86.Build.0 = Release|Any CPU
		{DE8E8769-C356-4558-A9B5-0C5394337B76}.Debug|Any CPU.ActiveCfg = Debug|Any CPU
		{DE8E8769-C356-4558-A9B5-0C5394337B76}.Debug|Any CPU.Build.0 = Debug|Any CPU
		{DE8E8769-C356-4558-A9B5-0C5394337B76}.Debug|x64.ActiveCfg = Debug|Any CPU
		{DE8E8769-C356-4558-A9B5-0C5394337B76}.Debug|x64.Build.0 = Debug|Any CPU
		{DE8E8769-C356-4558-A9B5-0C5394337B76}.Debug|x86.ActiveCfg = Debug|Any CPU
		{DE8E8769-C356-4558-A9B5-0C5394337B76}.Debug|x86.Build.0 = Debug|Any CPU
		{DE8E8769-C356-4558-A9B5-0C5394337B76}.Release|Any CPU.ActiveCfg = Release|Any CPU
		{DE8E8769-C356-4558-A9B5-0C5394337B76}.Release|Any CPU.Build.0 = Release|Any CPU
		{DE8E8769-C356-4558-A9B5-0C5394337B76}.Release|x64.ActiveCfg = Release|Any CPU
		{DE8E8769-C356-4558-A9B5-0C5394337B76}.Release|x64.Build.0 = Release|Any CPU
		{DE8E8769-C356-4558-A9B5-0C5394337B76}.Release|x86.ActiveCfg = Release|Any CPU
		{DE8E8769-C356-4558-A9B5-0C5394337B76}.Release|x86.Build.0 = Release|Any CPU
		{E7A8B0B8-5101-4431-BAF7-BC26EF86D905}.Debug|Any CPU.ActiveCfg = Debug|Any CPU
		{E7A8B0B8-5101-4431-BAF7-BC26EF86D905}.Debug|Any CPU.Build.0 = Debug|Any CPU
		{E7A8B0B8-5101-4431-BAF7-BC26EF86D905}.Debug|x64.ActiveCfg = Debug|Any CPU
		{E7A8B0B8-5101-4431-BAF7-BC26EF86D905}.Debug|x64.Build.0 = Debug|Any CPU
		{E7A8B0B8-5101-4431-BAF7-BC26EF86D905}.Debug|x86.ActiveCfg = Debug|Any CPU
		{E7A8B0B8-5101-4431-BAF7-BC26EF86D905}.Debug|x86.Build.0 = Debug|Any CPU
		{E7A8B0B8-5101-4431-BAF7-BC26EF86D905}.Release|Any CPU.ActiveCfg = Release|Any CPU
		{E7A8B0B8-5101-4431-BAF7-BC26EF86D905}.Release|Any CPU.Build.0 = Release|Any CPU
		{E7A8B0B8-5101-4431-BAF7-BC26EF86D905}.Release|x64.ActiveCfg = Release|Any CPU
		{E7A8B0B8-5101-4431-BAF7-BC26EF86D905}.Release|x64.Build.0 = Release|Any CPU
		{E7A8B0B8-5101-4431-BAF7-BC26EF86D905}.Release|x86.ActiveCfg = Release|Any CPU
		{E7A8B0B8-5101-4431-BAF7-BC26EF86D905}.Release|x86.Build.0 = Release|Any CPU
		{A70DED0D-5B47-4C69-A059-282D03876134}.Debug|Any CPU.ActiveCfg = Debug|Any CPU
		{A70DED0D-5B47-4C69-A059-282D03876134}.Debug|Any CPU.Build.0 = Debug|Any CPU
		{A70DED0D-5B47-4C69-A059-282D03876134}.Debug|x64.ActiveCfg = Debug|Any CPU
		{A70DED0D-5B47-4C69-A059-282D03876134}.Debug|x64.Build.0 = Debug|Any CPU
		{A70DED0D-5B47-4C69-A059-282D03876134}.Debug|x86.ActiveCfg = Debug|Any CPU
		{A70DED0D-5B47-4C69-A059-282D03876134}.Debug|x86.Build.0 = Debug|Any CPU
		{A70DED0D-5B47-4C69-A059-282D03876134}.Release|Any CPU.ActiveCfg = Release|Any CPU
		{A70DED0D-5B47-4C69-A059-282D03876134}.Release|Any CPU.Build.0 = Release|Any CPU
		{A70DED0D-5B47-4C69-A059-282D03876134}.Release|x64.ActiveCfg = Release|Any CPU
		{A70DED0D-5B47-4C69-A059-282D03876134}.Release|x64.Build.0 = Release|Any CPU
		{A70DED0D-5B47-4C69-A059-282D03876134}.Release|x86.ActiveCfg = Release|Any CPU
		{A70DED0D-5B47-4C69-A059-282D03876134}.Release|x86.Build.0 = Release|Any CPU
		{1581AE25-6311-44CD-B8E7-197F8ED5F795}.Debug|Any CPU.ActiveCfg = Debug|Any CPU
		{1581AE25-6311-44CD-B8E7-197F8ED5F795}.Debug|Any CPU.Build.0 = Debug|Any CPU
		{1581AE25-6311-44CD-B8E7-197F8ED5F795}.Debug|x64.ActiveCfg = Debug|Any CPU
		{1581AE25-6311-44CD-B8E7-197F8ED5F795}.Debug|x64.Build.0 = Debug|Any CPU
		{1581AE25-6311-44CD-B8E7-197F8ED5F795}.Debug|x86.ActiveCfg = Debug|Any CPU
		{1581AE25-6311-44CD-B8E7-197F8ED5F795}.Debug|x86.Build.0 = Debug|Any CPU
		{1581AE25-6311-44CD-B8E7-197F8ED5F795}.Release|Any CPU.ActiveCfg = Release|Any CPU
		{1581AE25-6311-44CD-B8E7-197F8ED5F795}.Release|Any CPU.Build.0 = Release|Any CPU
		{1581AE25-6311-44CD-B8E7-197F8ED5F795}.Release|x64.ActiveCfg = Release|Any CPU
		{1581AE25-6311-44CD-B8E7-197F8ED5F795}.Release|x64.Build.0 = Release|Any CPU
		{1581AE25-6311-44CD-B8E7-197F8ED5F795}.Release|x86.ActiveCfg = Release|Any CPU
		{1581AE25-6311-44CD-B8E7-197F8ED5F795}.Release|x86.Build.0 = Release|Any CPU
		{29835AD7-9F9C-4303-8CF1-7684E3965F69}.Debug|Any CPU.ActiveCfg = Debug|Any CPU
		{29835AD7-9F9C-4303-8CF1-7684E3965F69}.Debug|Any CPU.Build.0 = Debug|Any CPU
		{29835AD7-9F9C-4303-8CF1-7684E3965F69}.Debug|x64.ActiveCfg = Debug|Any CPU
		{29835AD7-9F9C-4303-8CF1-7684E3965F69}.Debug|x64.Build.0 = Debug|Any CPU
		{29835AD7-9F9C-4303-8CF1-7684E3965F69}.Debug|x86.ActiveCfg = Debug|Any CPU
		{29835AD7-9F9C-4303-8CF1-7684E3965F69}.Debug|x86.Build.0 = Debug|Any CPU
		{29835AD7-9F9C-4303-8CF1-7684E3965F69}.Release|Any CPU.ActiveCfg = Release|Any CPU
		{29835AD7-9F9C-4303-8CF1-7684E3965F69}.Release|Any CPU.Build.0 = Release|Any CPU
		{29835AD7-9F9C-4303-8CF1-7684E3965F69}.Release|x64.ActiveCfg = Release|Any CPU
		{29835AD7-9F9C-4303-8CF1-7684E3965F69}.Release|x64.Build.0 = Release|Any CPU
		{29835AD7-9F9C-4303-8CF1-7684E3965F69}.Release|x86.ActiveCfg = Release|Any CPU
		{29835AD7-9F9C-4303-8CF1-7684E3965F69}.Release|x86.Build.0 = Release|Any CPU
	EndGlobalSection
	GlobalSection(SolutionProperties) = preSolution
		HideSolutionNode = FALSE
	EndGlobalSection
	GlobalSection(NestedProjects) = preSolution
		{7E5A266D-267D-4B07-AEF4-6587D71A3A6C} = {827E0CD3-B72D-47B6-A68D-7590B98EB39B}
		{B91C38D9-5FD5-4B29-AE4D-21B22B76A6E0} = {827E0CD3-B72D-47B6-A68D-7590B98EB39B}
		{04B25851-8698-4D85-998B-198DE33D8B5F} = {827E0CD3-B72D-47B6-A68D-7590B98EB39B}
		{F9620B65-9469-461E-86C0-B8BE1FBE74A7} = {827E0CD3-B72D-47B6-A68D-7590B98EB39B}
		{DE8E8769-C356-4558-A9B5-0C5394337B76} = {5D20AA90-6969-D8BD-9DCD-8634F4692FDA}
		{E7A8B0B8-5101-4431-BAF7-BC26EF86D905} = {5D20AA90-6969-D8BD-9DCD-8634F4692FDA}
		{A70DED0D-5B47-4C69-A059-282D03876134} = {827E0CD3-B72D-47B6-A68D-7590B98EB39B}
		{1581AE25-6311-44CD-B8E7-197F8ED5F795} = {827E0CD3-B72D-47B6-A68D-7590B98EB39B}
		{29835AD7-9F9C-4303-8CF1-7684E3965F69} = {0AB3BF05-4346-4AA6-1389-037BE0695223}
	EndGlobalSection
EndGlobal
